
Microsoft Visual Studio Solution File, Format Version 12.00
# Visual Studio 14
VisualStudioVersion = 14.0.25123.0
MinimumVisualStudioVersion = 10.0.40219.1
Project("{992C233D-4B19-4F75-91C3-217E5F548378}") = "Sitecore.Support.221558", "Sitecore.Support.221558\Sitecore.Support.221558.csproj", "{6D157773-4CA9-42F3-9AB2-98239839002A}"
EndProject
Global
	GlobalSection(SolutionConfigurationPlatforms) = preSolution
		Debug|Any CPU = Debug|Any CPU
		Release|Any CPU = Release|Any CPU
	EndGlobalSection
	GlobalSection(ProjectConfigurationPlatforms) = postSolution
		{6D157773-4CA9-42F3-9AB2-98239839002A}.Debug|Any CPU.ActiveCfg = Debug|Any CPU
		{6D157773-4CA9-42F3-9AB2-98239839002A}.Debug|Any CPU.Build.0 = Debug|Any CPU
		{6D157773-4CA9-42F3-9AB2-98239839002A}.Release|Any CPU.ActiveCfg = Release|Any CPU
		{6D157773-4CA9-42F3-9AB2-98239839002A}.Release|Any CPU.Build.0 = Release|Any CPU
	EndGlobalSection
	GlobalSection(SolutionProperties) = preSolution
		HideSolutionNode = FALSE
	EndGlobalSection
EndGlobal
